<?xml version="1.0" encoding="utf-8"?>
<Project ToolsVersion="4.0" xmlns="http://schemas.microsoft.com/developer/msbuild/2003">
  <ItemGroup>
    <Filter Include="源文件">
      <UniqueIdentifier>{4FC737F1-C7A5-4376-A066-2A32D752A2FF}</UniqueIdentifier>
      <Extensions>cpp;c;cc;cxx;def;odl;idl;hpj;bat;asm;asmx</Extensions>
    </Filter>
    <Filter Include="头文件">
      <UniqueIdentifier>{93995380-89BD-4b04-88EB-625FBE52EBFB}</UniqueIdentifier>
      <Extensions>h;hh;hpp;hxx;hm;inl;inc;xsd</Extensions>
    </Filter>
    <Filter Include="资源文件">
      <UniqueIdentifier>{67DA6AB6-F800-4c08-8B7A-83BB121AAD01}</UniqueIdentifier>
      <Extensions>rc;ico;cur;bmp;dlg;rc2;rct;bin;rgs;gif;jpg;jpeg;jpe;resx;tiff;tif;png;wav;mfcribbon-ms</Extensions>
    </Filter>
  </ItemGroup>
  <ItemGroup>
    <ClInclude Include="include\jsondiff\config.h">
      <Filter>头文件</Filter>
    </ClInclude>
    <ClInclude Include="include\jsondiff\jsondiff.h">
      <Filter>头文件</Filter>
    </ClInclude>
    <ClInclude Include="include\jsondiff\diff_result.h">
      <Filter>头文件</Filter>
    </ClInclude>
    <ClInclude Include="include\jsondiff\exceptions.h">
      <Filter>头文件</Filter>
    </ClInclude>
    <ClInclude Include="include\jsondiff\json_value_types.h">
      <Filter>头文件</Filter>
    </ClInclude>
    <ClInclude Include="include\jsondiff\helper.h">
      <Filter>头文件</Filter>
    </ClInclude>
    <ClInclude Include="fjson\log\console_defines.h">
      <Filter>头文件</Filter>
    </ClInclude>
    <ClInclude Include="fjson\utf8\checked.h">
      <Filter>头文件</Filter>
    </ClInclude>
    <ClInclude Include="fjson\utf8\core.h">
      <Filter>头文件</Filter>
    </ClInclude>
    <ClInclude Include="fjson\utf8\unchecked.h">
      <Filter>头文件</Filter>
    </ClInclude>
    <ClInclude Include="include\fjson\container\deque.hpp">
      <Filter>头文件</Filter>
    </ClInclude>
    <ClInclude Include="include\fjson\container\deque_fwd.hpp">
      <Filter>头文件</Filter>
    </ClInclude>
    <ClInclude Include="include\fjson\container\flat.hpp">
      <Filter>头文件</Filter>
    </ClInclude>
    <ClInclude Include="include\fjson\container\flat_fwd.hpp">
      <Filter>头文件</Filter>
    </ClInclude>
    <ClInclude Include="include\fjson\crypto\base64.hpp">
      <Filter>头文件</Filter>
    </ClInclude>
    <ClInclude Include="include\fjson\crypto\bigint.hpp">
      <Filter>头文件</Filter>
    </ClInclude>
    <ClInclude Include="include\fjson\crypto\city.hpp">
      <Filter>头文件</Filter>
    </ClInclude>
    <ClInclude Include="include\fjson\crypto\hex.hpp">
      <Filter>头文件</Filter>
    </ClInclude>
    <ClInclude Include="include\fjson\exception\exception.hpp">
      <Filter>头文件</Filter>
    </ClInclude>
    <ClInclude Include="include\fjson\io\console.hpp">
      <Filter>头文件</Filter>
    </ClInclude>
    <ClInclude Include="include\fjson\io\enum_type.hpp">
      <Filter>头文件</Filter>
    </ClInclude>
    <ClInclude Include="include\fjson\io\iobuffer.hpp">
      <Filter>头文件</Filter>
    </ClInclude>
    <ClInclude Include="include\fjson\io\json.hpp">
      <Filter>头文件</Filter>
    </ClInclude>
    <ClInclude Include="include\fjson\io\json_relaxed.hpp">
      <Filter>头文件</Filter>
    </ClInclude>
    <ClInclude Include="include\fjson\io\raw.hpp">
      <Filter>头文件</Filter>
    </ClInclude>
    <ClInclude Include="include\fjson\io\raw_fwd.hpp">
      <Filter>头文件</Filter>
    </ClInclude>
    <ClInclude Include="include\fjson\io\raw_unpack_file.hpp">
      <Filter>头文件</Filter>
    </ClInclude>
    <ClInclude Include="include\fjson\io\raw_variant.hpp">
      <Filter>头文件</Filter>
    </ClInclude>
    <ClInclude Include="include\fjson\io\varint.hpp">
      <Filter>头文件</Filter>
    </ClInclude>
    <ClInclude Include="include\fjson\log\appender.hpp">
      <Filter>头文件</Filter>
    </ClInclude>
    <ClInclude Include="include\fjson\log\console_appender.hpp">
      <Filter>头文件</Filter>
    </ClInclude>
    <ClInclude Include="include\fjson\log\log_message.hpp">
      <Filter>头文件</Filter>
    </ClInclude>
    <ClInclude Include="include\fjson\log\logger.hpp">
      <Filter>头文件</Filter>
    </ClInclude>
    <ClInclude Include="include\fjson\log\logger_config.hpp">
      <Filter>头文件</Filter>
    </ClInclude>
    <ClInclude Include="include\fjson\reflect\reflect.hpp">
      <Filter>头文件</Filter>
    </ClInclude>
    <ClInclude Include="include\fjson\reflect\typename.hpp">
      <Filter>头文件</Filter>
    </ClInclude>
    <ClInclude Include="include\fjson\reflect\variant.hpp">
      <Filter>头文件</Filter>
    </ClInclude>
    <ClInclude Include="include\fjson\thread\future.hpp">
      <Filter>头文件</Filter>
    </ClInclude>
    <ClInclude Include="include\fjson\thread\mutex.hpp">
      <Filter>头文件</Filter>
    </ClInclude>
    <ClInclude Include="include\fjson\thread\non_preemptable_scope_check.hpp">
      <Filter>头文件</Filter>
    </ClInclude>
    <ClInclude Include="include\fjson\thread\priority.hpp">
      <Filter>头文件</Filter>
    </ClInclude>
    <ClInclude Include="include\fjson\thread\scoped_lock.hpp">
      <Filter>头文件</Filter>
    </ClInclude>
    <ClInclude Include="include\fjson\thread\spin_lock.hpp">
      <Filter>头文件</Filter>
    </ClInclude>
    <ClInclude Include="include\fjson\thread\spin_yield_lock.hpp">
      <Filter>头文件</Filter>
    </ClInclude>
    <ClInclude Include="include\fjson\thread\unique_lock.hpp">
      <Filter>头文件</Filter>
    </ClInclude>
    <ClInclude Include="include\fjson\thread\wait_condition.hpp">
      <Filter>头文件</Filter>
    </ClInclude>
    <ClInclude Include="include\fjson\aligned.hpp">
      <Filter>头文件</Filter>
    </ClInclude>
    <ClInclude Include="include\fjson\byteswap.hpp">
      <Filter>头文件</Filter>
    </ClInclude>
    <ClInclude Include="include\fjson\fwd.hpp">
      <Filter>头文件</Filter>
    </ClInclude>
    <ClInclude Include="include\fjson\fwd_impl.hpp">
      <Filter>头文件</Filter>
    </ClInclude>
    <ClInclude Include="include\fjson\optional.hpp">
      <Filter>头文件</Filter>
    </ClInclude>
    <ClInclude Include="include\fjson\real128.hpp">
      <Filter>头文件</Filter>
    </ClInclude>
    <ClInclude Include="include\fjson\shared_ptr.hpp">
      <Filter>头文件</Filter>
    </ClInclude>
    <ClInclude Include="include\fjson\smart_ref_fwd.hpp">
      <Filter>头文件</Filter>
    </ClInclude>
    <ClInclude Include="include\fjson\smart_ref_impl.hpp">
      <Filter>头文件</Filter>
    </ClInclude>
    <ClInclude Include="include\fjson\string.hpp">
      <Filter>头文件</Filter>
    </ClInclude>
    <ClInclude Include="include\fjson\thread_d.hpp">
      <Filter>头文件</Filter>
    </ClInclude>
    <ClInclude Include="include\fjson\time.hpp">
      <Filter>头文件</Filter>
    </ClInclude>
    <ClInclude Include="include\fjson\uint128.hpp">
      <Filter>头文件</Filter>
    </ClInclude>
    <ClInclude Include="include\fjson\unique_ptr.hpp">
      <Filter>头文件</Filter>
    </ClInclude>
    <ClInclude Include="include\fjson\utf8.hpp">
      <Filter>头文件</Filter>
    </ClInclude>
    <ClInclude Include="include\fjson\utility.hpp">
      <Filter>头文件</Filter>
    </ClInclude>
    <ClInclude Include="include\fjson\variant.hpp">
      <Filter>头文件</Filter>
    </ClInclude>
    <ClInclude Include="include\fjson\variant_object.hpp">
      <Filter>头文件</Filter>
    </ClInclude>
    <ClInclude Include="include\fjson\vector.hpp">
      <Filter>头文件</Filter>
    </ClInclude>
    <ClInclude Include="include\fjson\vector_fwd.hpp">
      <Filter>头文件</Filter>
    </ClInclude>
    <ClInclude Include="include\fjson\safe.hpp">
      <Filter>头文件</Filter>
    </ClInclude>
    <ClInclude Include="include\fjson\array.hpp">
      <Filter>头文件</Filter>
    </ClInclude>
  </ItemGroup>
  <ItemGroup>
    <ClCompile Include="jsondiff\jsondiff.cpp">
      <Filter>源文件</Filter>
    </ClCompile>
    <ClCompile Include="jsondiff\diff_result.cpp">
      <Filter>源文件</Filter>
    </ClCompile>
    <ClCompile Include="jsondiff\helper.cpp">
      <Filter>源文件</Filter>
    </ClCompile>
    <ClCompile Include="jsondiff\json_value_types.cpp">
      <Filter>源文件</Filter>
    </ClCompile>
    <ClCompile Include="fjson\crypto\base64.cpp">
      <Filter>源文件</Filter>
    </ClCompile>
    <ClCompile Include="fjson\crypto\hex.cpp">
      <Filter>源文件</Filter>
    </ClCompile>
    <ClCompile Include="fjson\exception.cpp">
      <Filter>源文件</Filter>
    </ClCompile>
    <ClCompile Include="fjson\io\console.cpp">
      <Filter>源文件</Filter>
    </ClCompile>
    <ClCompile Include="fjson\io\json.cpp">
      <Filter>源文件</Filter>
    </ClCompile>
    <ClCompile Include="fjson\io\varint.cpp">
      <Filter>源文件</Filter>
    </ClCompile>
    <ClCompile Include="fjson\log\appender.cpp">
      <Filter>源文件</Filter>
    </ClCompile>
    <ClCompile Include="fjson\log\console_appender.cpp">
      <Filter>源文件</Filter>
    </ClCompile>
    <ClCompile Include="fjson\log\logger.cpp">
      <Filter>源文件</Filter>
    </ClCompile>
    <ClCompile Include="fjson\log\logger_config.cpp">
      <Filter>源文件</Filter>
    </ClCompile>
    <ClCompile Include="fjson\log\log_message.cpp">
      <Filter>源文件</Filter>
    </ClCompile>
    <ClCompile Include="fjson\real128.cpp">
      <Filter>源文件</Filter>
    </ClCompile>
    <ClCompile Include="fjson\shared_ptr.cpp">
      <Filter>源文件</Filter>
    </ClCompile>
    <ClCompile Include="fjson\string.cpp">
      <Filter>源文件</Filter>
    </ClCompile>
    <ClCompile Include="fjson\time.cpp">
      <Filter>源文件</Filter>
    </ClCompile>
    <ClCompile Include="fjson\uint128.cpp">
      <Filter>源文件</Filter>
    </ClCompile>
    <ClCompile Include="fjson\variant.cpp">
      <Filter>源文件</Filter>
    </ClCompile>
    <ClCompile Include="fjson\variant_object.cpp">
      <Filter>源文件</Filter>
    </ClCompile>
  </ItemGroup>
  <ItemGroup>
    <None Include="fjson\utf8\utf8cpp.html" />
  </ItemGroup>
</Project>